// !$*UTF8*$!
{
	archiveVersion = 1;
	classes = {
	};
	objectVersion = 46;
	objects = {

/* Begin PBXFileReference section */
		DC8A78A219766B7A00BFBA87 /* Beerly */ = {isa = PBXFileReference; explicitFileType = folder; includeInIndex = 0; path = Beerly; sourceTree = BUILT_PRODUCTS_DIR; };
		DC8A78A619766B7A00BFBA87 /* ContentInfo.plist */ = {isa = PBXFileReference; lastKnownFileType = text.plist.xml; path = ContentInfo.plist; sourceTree = "<group>"; };
/* End PBXFileReference section */

/* Begin PBXGroup section */
		DC8A789B19766B7A00BFBA87 = {
			isa = PBXGroup;
			children = (
				DC8A78A419766B7A00BFBA87 /* Beerly */,
				DC8A78A319766B7A00BFBA87 /* Products */,
			);
			sourceTree = "<group>";
		};
		DC8A78A319766B7A00BFBA87 /* Products */ = {
			isa = PBXGroup;
			children = (
				DC8A78A219766B7A00BFBA87 /* Beerly */,
			);
			name = Products;
			sourceTree = "<group>";
		};
		DC8A78A419766B7A00BFBA87 /* Beerly */ = {
			isa = PBXGroup;
			children = (
				DC8A78A519766B7A00BFBA87 /* Supporting Files */,
			);
			path = Beerly;
			sourceTree = "<group>";
		};
		DC8A78A519766B7A00BFBA87 /* Supporting Files */ = {
			isa = PBXGroup;
			children = (
				DC8A78A619766B7A00BFBA87 /* ContentInfo.plist */,
			);
			name = "Supporting Files";
			sourceTree = "<group>";
		};
/* End PBXGroup section */

/* Begin PBXNativeTarget section */
		DC8A78A119766B7A00BFBA87 /* Beerly */ = {
			isa = PBXNativeTarget;
			buildConfigurationList = DC8A78A919766B7A00BFBA87 /* Build configuration list for PBXNativeTarget "Beerly" */;
			buildPhases = (
				DC8A78A019766B7A00BFBA87 /* Resources */,
			);
			buildRules = (
			);
			dependencies = (
			);
			name = Beerly;
			productName = Beerly;
			productReference = DC8A78A219766B7A00BFBA87 /* Beerly */;
			productType = "com.apple.product-type.in-app-purchase-content";
		};
/* End PBXNativeTarget section */

/* Begin PBXProject section */
		DC8A789C19766B7A00BFBA87 /* Project object */ = {
			isa = PBXProject;
			attributes = {
				LastUpgradeCheck = 0600;
				ORGANIZATIONNAME = "some-guys";
				TargetAttributes = {
					DC8A78A119766B7A00BFBA87 = {
						CreatedOnToolsVersion = 6.0;
					};
				};
			};
			buildConfigurationList = DC8A789F19766B7A00BFBA87 /* Build configuration list for PBXProject "Beerly" */;
			compatibilityVersion = "Xcode 3.2";
			developmentRegion = English;
			hasScannedForEncodings = 0;
			knownRegions = (
				en,
			);
			mainGroup = DC8A789B19766B7A00BFBA87;
			productRefGroup = DC8A78A319766B7A00BFBA87 /* Products */;
			projectDirPath = "";
			projectRoot = "";
			targets = (
				DC8A78A119766B7A00BFBA87 /* Beerly */,
			);
		};
/* End PBXProject section */

/* Begin PBXResourcesBuildPhase section */
		DC8A78A019766B7A00BFBA87 /* Resources */ = {
			isa = PBXResourcesBuildPhase;
			buildActionMask = 2147483647;
			files = (
			);
			runOnlyForDeploymentPostprocessing = 0;
		};
/* End PBXResourcesBuildPhase section */

/* Begin XCBuildConfiguration section */
		DC8A78A719766B7A00BFBA87 /* Debug */ = {
			isa = XCBuildConfiguration;
			buildSettings = {
				ALWAYS_SEARCH_USER_PATHS = NO;
				CLANG_CXX_LANGUAGE_STANDARD = "gnu++0x";
				CLANG_CXX_LIBRARY = "libc++";
				CLANG_ENABLE_MODULES = YES;
				CLANG_ENABLE_OBJC_ARC = YES;
				CLANG_WARN_BOOL_CONVERSION = YES;
				CLANG_WARN_CONSTANT_CONVERSION = YES;
				CLANG_WARN_DIRECT_OBJC_ISA_USAGE = YES_ERROR;
				CLANG_WARN_EMPTY_BODY = YES;
				CLANG_WARN_ENUM_CONVERSION = YES;
				CLANG_WARN_INT_CONVERSION = YES;
				CLANG_WARN_OBJC_ROOT_CLASS = YES_ERROR;
				CLANG_WARN_UNREACHABLE_CODE = YES;
				CLANG_WARN__DUPLICATE_METHOD_MATCH = YES;
				COPY_PHASE_STRIP = NO;
				ENABLE_STRICT_OBJC_MSGSEND = YES;
				GCC_C_LANGUAGE_STANDARD = gnu99;
				GCC_DYNAMIC_NO_PIC = NO;
				GCC_OPTIMIZATION_LEVEL = 0;
				GCC_PREPROCESSOR_DEFINITIONS = (
					"DEBUG=1",
					"$(inherited)",
				);
				GCC_SYMBOLS_PRIVATE_EXTERN = NO;
				GCC_WARN_64_TO_32_BIT_CONVERSION = YES;
				GCC_WARN_ABOUT_RETURN_TYPE = YES_ERROR;
				GCC_WARN_UNDECLARED_SELECTOR = YES;
				GCC_WARN_UNINITIALIZED_AUTOS = YES_AGGRESSIVE;
				GCC_WARN_UNUSED_FUNCTION = YES;
				GCC_WARN_UNUSED_VARIABLE = YES;
				METAL_ENABLE_DEBUG_INFO = YES;
				ONLY_ACTIVE_ARCH = YES;
			};
			name = Debug;
		};
		DC8A78A819766B7A00BFBA87 /* Release */ = {
			isa = XCBuildConfiguration;
			buildSettings = {
				ALWAYS_SEARCH_USER_PATHS = NO;
				CLANG_CXX_LANGUAGE_STANDARD = "gnu++0x";
				CLANG_CXX_LIBRARY = "libc++";
				CLANG_ENABLE_MODULES = YES;
				CLANG_ENABLE_OBJC_ARC = YES;
				CLANG_WARN_BOOL_CONVERSION = YES;
				CLANG_WARN_CONSTANT_CONVERSION = YES;
				CLANG_WARN_DIRECT_OBJC_ISA_USAGE = YES_ERROR;
				CLANG_WARN_EMPTY_BODY = YES;
				CLANG_WARN_ENUM_CONVERSION = YES;
				CLANG_WARN_INT_CONVERSION = YES;
				CLANG_WARN_OBJC_ROOT_CLASS = YES_ERROR;
				CLANG_WARN_UNREACHABLE_CODE = YES;
				CLANG_WARN__DUPLICATE_METHOD_MATCH = YES;
				COPY_PHASE_STRIP = YES;
				ENABLE_NS_ASSERTIONS = NO;
				ENABLE_STRICT_OBJC_MSGSEND = YES;
				GCC_C_LANGUAGE_STANDARD = gnu99;
				GCC_WARN_64_TO_32_BIT_CONVERSION = YES;
				GCC_WARN_ABOUT_RETURN_TYPE = YES_ERROR;
				GCC_WARN_UNDECLARED_SELECTOR = YES;
				GCC_WARN_UNINITIALIZED_AUTOS = YES_AGGRESSIVE;
				GCC_WARN_UNUSED_FUNCTION = YES;
				GCC_WARN_UNUSED_VARIABLE = YES;
				METAL_ENABLE_DEBUG_INFO = NO;
			};
			name = Release;
		};
		DC8A78AA19766B7A00BFBA87 /* Debug */ = {
			isa = XCBuildConfiguration;
			buildSettings = {
				INFOPLIST_FILE = Beerly/ContentInfo.plist;
				INSTALL_PATH = "$(LOCAL_LIBRARY_DIR)/InAppPurchaseContent";
				PRODUCT_NAME = "$(TARGET_NAME)";
				WRAPPER_EXTENSION = "";
			};
			name = Debug;
		};
		DC8A78AB19766B7A00BFBA87 /* Release */ = {
			isa = XCBuildConfiguration;
			buildSettings = {
				INFOPLIST_FILE = Beerly/ContentInfo.plist;
				INSTALL_PATH = "$(LOCAL_LIBRARY_DIR)/InAppPurchaseContent";
				PRODUCT_NAME = "$(TARGET_NAME)";
				WRAPPER_EXTENSION = "";
			};
			name = Release;
		};
/* End XCBuildConfiguration section */

/* Begin XCConfigurationList section */
		DC8A789F19766B7A00BFBA87 /* Build configuration list for PBXProject "Beerly" */ = {
			isa = XCConfigurationList;
			buildConfigurations = (
				DC8A78A719766B7A00BFBA87 /* Debug */,
				DC8A78A819766B7A00BFBA87 /* Release */,
			);
			defaultConfigurationIsVisible = 0;
			defaultConfigurationName = Release;
		};
		DC8A78A919766B7A00BFBA87 /* Build configuration list for PBXNativeTarget "Beerly" */ = {
			isa = XCConfigurationList;
			buildConfigurations = (
				DC8A78AA19766B7A00BFBA87 /* Debug */,
				DC8A78AB19766B7A00BFBA87 /* Release */,
			);
			defaultConfigurationIsVisible = 0;
		};
/* End XCConfigurationList section */
	};
	rootObject = DC8A789C19766B7A00BFBA87 /* Project object */;
}
